
Microsoft Visual Studio Solution File, Format Version 12.00
# Visual Studio Version 16
VisualStudioVersion = 16.0.30114.105
MinimumVisualStudioVersion = 10.0.40219.1
Project("{FAE04EC0-301F-11D3-BF4B-00C04F79EFBC}") = "PCCamdz.Android", "PCCamdz\PCCamdz.Android\PCCamdz.Android.csproj", "{DF9F376C-3F52-40BC-998A-C8C22F16F498}"
EndProject
Project("{9A19103F-16F7-4668-BE54-9A1E7A4F7556}") = "PCCamdz", "PCCamdz\PCCamdz\PCCamdz.csproj", "{B8A58BBE-2863-4233-BA65-016658970886}"
EndProject
Project("{FAE04EC0-301F-11D3-BF4B-00C04F79EFBC}") = "PCcamAdmin.Android", "PCcamAdmin\PCcamAdmin.Android\PCcamAdmin.Android.csproj", "{B38C8445-AE98-4E2B-B84F-7FFC297B0F59}"
EndProject
Project("{FAE04EC0-301F-11D3-BF4B-00C04F79EFBC}") = "PCcamAdmin", "PCcamAdmin\PCcamAdmin\PCcamAdmin.csproj", "{E85B1617-1AB2-4EE0-95A5-CA73DF199C63}"
EndProject
Global
	GlobalSection(SolutionConfigurationPlatforms) = preSolution
		Debug|Any CPU = Debug|Any CPU
		Release|Any CPU = Release|Any CPU
	EndGlobalSection
	GlobalSection(ProjectConfigurationPlatforms) = postSolution
		{DF9F376C-3F52-40BC-998A-C8C22F16F498}.Debug|Any CPU.ActiveCfg = Debug|Any CPU
		{DF9F376C-3F52-40BC-998A-C8C22F16F498}.Debug|Any CPU.Build.0 = Debug|Any CPU
		{DF9F376C-3F52-40BC-998A-C8C22F16F498}.Debug|Any CPU.Deploy.0 = Debug|Any CPU
		{DF9F376C-3F52-40BC-998A-C8C22F16F498}.Release|Any CPU.ActiveCfg = Release|Any CPU
		{DF9F376C-3F52-40BC-998A-C8C22F16F498}.Release|Any CPU.Build.0 = Release|Any CPU
		{DF9F376C-3F52-40BC-998A-C8C22F16F498}.Release|Any CPU.Deploy.0 = Release|Any CPU
		{B8A58BBE-2863-4233-BA65-016658970886}.Debug|Any CPU.ActiveCfg = Debug|Any CPU
		{B8A58BBE-2863-4233-BA65-016658970886}.Debug|Any CPU.Build.0 = Debug|Any CPU
		{B8A58BBE-2863-4233-BA65-016658970886}.Debug|Any CPU.Deploy.0 = Debug|Any CPU
		{B8A58BBE-2863-4233-BA65-016658970886}.Release|Any CPU.ActiveCfg = Release|Any CPU
		{B8A58BBE-2863-4233-BA65-016658970886}.Release|Any CPU.Build.0 = Release|Any CPU
		{B8A58BBE-2863-4233-BA65-016658970886}.Release|Any CPU.Deploy.0 = Release|Any CPU
		{B38C8445-AE98-4E2B-B84F-7FFC297B0F59}.Debug|Any CPU.ActiveCfg = Debug|Any CPU
		{B38C8445-AE98-4E2B-B84F-7FFC297B0F59}.Debug|Any CPU.Build.0 = Debug|Any CPU
		{B38C8445-AE98-4E2B-B84F-7FFC297B0F59}.Debug|Any CPU.Deploy.0 = Debug|Any CPU
		{B38C8445-AE98-4E2B-B84F-7FFC297B0F59}.Release|Any CPU.ActiveCfg = Release|Any CPU
		{B38C8445-AE98-4E2B-B84F-7FFC297B0F59}.Release|Any CPU.Build.0 = Release|Any CPU
		{B38C8445-AE98-4E2B-B84F-7FFC297B0F59}.Release|Any CPU.Deploy.0 = Release|Any CPU
		{E85B1617-1AB2-4EE0-95A5-CA73DF199C63}.Debug|Any CPU.ActiveCfg = Debug|Any CPU
		{E85B1617-1AB2-4EE0-95A5-CA73DF199C63}.Debug|Any CPU.Build.0 = Debug|Any CPU
		{E85B1617-1AB2-4EE0-95A5-CA73DF199C63}.Release|Any CPU.ActiveCfg = Release|Any CPU
		{E85B1617-1AB2-4EE0-95A5-CA73DF199C63}.Release|Any CPU.Build.0 = Release|Any CPU
	EndGlobalSection
	GlobalSection(SolutionProperties) = preSolution
		HideSolutionNode = FALSE
	EndGlobalSection
	GlobalSection(ExtensibilityGlobals) = postSolution
		SolutionGuid = {1F3A64EC-92C8-4E9A-BCDA-FCCEB3C04CB3}
	EndGlobalSection
EndGlobal
